<?xml version="1.0" encoding="utf-8"?>
<Project ToolsVersion="4.0" xmlns="http://schemas.microsoft.com/developer/msbuild/2003">
  <ItemGroup>
    <Filter Include="Manager">
      <UniqueIdentifier>{fa033061-9a61-4c78-8bba-10bb38e90685}</UniqueIdentifier>
    </Filter>
    <Filter Include="Core">
      <UniqueIdentifier>{5b66c462-f2b6-490c-9b2e-b1161ffe393b}</UniqueIdentifier>
    </Filter>
    <Filter Include="DataStructure">
      <UniqueIdentifier>{02821572-acd5-481c-84b0-a3f6687fb67f}</UniqueIdentifier>
    </Filter>
    <Filter Include="리소스 파일">
      <UniqueIdentifier>{67DA6AB6-F800-4c08-8B7A-83BB121AAD01}</UniqueIdentifier>
      <Extensions>rc;ico;cur;bmp;dlg;rc2;rct;bin;rgs;gif;jpg;jpeg;jpe;resx;tiff;tif;png;wav;mfcribbon-ms</Extensions>
    </Filter>
  </ItemGroup>
  <ItemGroup>
    <ClInclude Include="bgBitmapMgr.h">
      <Filter>Manager</Filter>
    </ClInclude>
    <ClInclude Include="bgBase.h">
      <Filter>Core</Filter>
    </ClInclude>
    <ClInclude Include="bgCore.h">
      <Filter>Core</Filter>
    </ClInclude>
    <ClInclude Include="bgInput.h">
      <Filter>Core</Filter>
    </ClInclude>
    <ClInclude Include="bgStd.h">
      <Filter>Core</Filter>
    </ClInclude>
    <ClInclude Include="bgSys.h">
      <Filter>Core</Filter>
    </ClInclude>
    <ClInclude Include="bgTimer.h">
      <Filter>Core</Filter>
    </ClInclude>
    <ClInclude Include="bgWindow.h">
      <Filter>Core</Filter>
    </ClInclude>
    <ClInclude Include="bgHashTable.h">
      <Filter>DataStructure</Filter>
    </ClInclude>
    <ClInclude Include="bgLinkedList.h">
      <Filter>DataStructure</Filter>
    </ClInclude>
    <ClInclude Include="bgNode.h">
      <Filter>DataStructure</Filter>
    </ClInclude>
    <ClInclude Include="bgBitmap.h">
      <Filter>Manager</Filter>
    </ClInclude>
  </ItemGroup>
  <ItemGroup>
    <ClCompile Include="bgBitmapMgr.cpp">
      <Filter>Manager</Filter>
    </ClCompile>
    <ClCompile Include="bgBase.cpp">
      <Filter>Core</Filter>
    </ClCompile>
    <ClCompile Include="bgCore.cpp">
      <Filter>Core</Filter>
    </ClCompile>
    <ClCompile Include="bgInput.cpp">
      <Filter>Core</Filter>
    </ClCompile>
    <ClCompile Include="bgTimer.cpp">
      <Filter>Core</Filter>
    </ClCompile>
    <ClCompile Include="bgWindow.cpp">
      <Filter>Core</Filter>
    </ClCompile>
    <ClCompile Include="bgBitmap.cpp">
      <Filter>Manager</Filter>
    </ClCompile>
  </ItemGroup>
</Project>