
Microsoft Visual Studio Solution File, Format Version 12.00
# Visual Studio 14
VisualStudioVersion = 14.0.23107.0
MinimumVisualStudioVersion = 10.0.40219.1
Project("{8BC9CEB8-8B4A-11D0-8D11-00A0C91BC942}") = "bgWin1", "bgWin1\bgWin1.vcxproj", "{2AEC28AC-5A74-495D-9AFB-7F8B12D5EB37}"
	ProjectSection(ProjectDependencies) = postProject
		{F6FC8166-FEA1-4262-9CD2-24397D3A529B} = {F6FC8166-FEA1-4262-9CD2-24397D3A529B}
	EndProjectSection
EndProject
Project("{2150E333-8FDC-42A3-9474-1A3956D46DE8}") = "00_BG", "00_BG", "{E73C58C8-57F8-4DA9-8C7D-F4C9CD7D0D94}"
EndProject
Project("{2150E333-8FDC-42A3-9474-1A3956D46DE8}") = "01_C", "01_C", "{A04C4A25-D5D0-4C23-9F7E-DCD49498EFF9}"
EndProject
Project("{2150E333-8FDC-42A3-9474-1A3956D46DE8}") = "02_C++", "02_C++", "{5BC32B4D-B4B4-4E70-A4C3-653396F265F9}"
EndProject
Project("{2150E333-8FDC-42A3-9474-1A3956D46DE8}") = "03_WinAPI", "03_WinAPI", "{633B5517-77A9-4458-98A3-6FED9BBAD058}"
EndProject
Project("{2150E333-8FDC-42A3-9474-1A3956D46DE8}") = "99_TEST", "99_TEST", "{4A1F3D91-BDA4-4375-A57D-78F8530262A3}"
EndProject
Project("{8BC9CEB8-8B4A-11D0-8D11-00A0C91BC942}") = "bgTetris", "bgTetris\bgTetris.vcxproj", "{9296B197-1B91-4112-815D-57CDCE5769FA}"
EndProject
Project("{8BC9CEB8-8B4A-11D0-8D11-00A0C91BC942}") = "bgWindows", "bgWindows\bgWindows.vcxproj", "{47397047-224F-452E-BEB8-FC0FE5E486AA}"
EndProject
Project("{2150E333-8FDC-42A3-9474-1A3956D46DE8}") = "98_Book_APIMaster", "98_Book_APIMaster", "{82273E05-749A-4079-8216-C0BF5B991D85}"
EndProject
Project("{8BC9CEB8-8B4A-11D0-8D11-00A0C91BC942}") = "bgTemplate", "bgTemplate\bgTemplate.vcxproj", "{ADDA6686-7533-4FBC-8807-52730C8AA3E9}"
EndProject
Project("{8BC9CEB8-8B4A-11D0-8D11-00A0C91BC942}") = "API_Master_01", "API_Master_01\API_Master_01.vcxproj", "{C4EA7B2F-605A-466D-9947-07BA233008E2}"
EndProject
Project("{8BC9CEB8-8B4A-11D0-8D11-00A0C91BC942}") = "bgCoreLib", "bgCoreLib\bgCoreLib.vcxproj", "{F6FC8166-FEA1-4262-9CD2-24397D3A529B}"
EndProject
Project("{8BC9CEB8-8B4A-11D0-8D11-00A0C91BC942}") = "Sample01", "Sample01\Sample01.vcxproj", "{5E3EB599-8E4D-424D-AD94-5FEC87A77D12}"
	ProjectSection(ProjectDependencies) = postProject
		{F6FC8166-FEA1-4262-9CD2-24397D3A529B} = {F6FC8166-FEA1-4262-9CD2-24397D3A529B}
	EndProjectSection
EndProject
Project("{8BC9CEB8-8B4A-11D0-8D11-00A0C91BC942}") = "Sample02", "Sample02\Sample02.vcxproj", "{DF17B016-FAA3-4C0C-9506-69926800C6CC}"
	ProjectSection(ProjectDependencies) = postProject
		{F6FC8166-FEA1-4262-9CD2-24397D3A529B} = {F6FC8166-FEA1-4262-9CD2-24397D3A529B}
	EndProjectSection
EndProject
Global
	GlobalSection(SolutionConfigurationPlatforms) = preSolution
		Debug|x64 = Debug|x64
		Debug|x86 = Debug|x86
		Release|x64 = Release|x64
		Release|x86 = Release|x86
	EndGlobalSection
	GlobalSection(ProjectConfigurationPlatforms) = postSolution
		{2AEC28AC-5A74-495D-9AFB-7F8B12D5EB37}.Debug|x64.ActiveCfg = Debug|x64
		{2AEC28AC-5A74-495D-9AFB-7F8B12D5EB37}.Debug|x64.Build.0 = Debug|x64
		{2AEC28AC-5A74-495D-9AFB-7F8B12D5EB37}.Debug|x86.ActiveCfg = Debug|Win32
		{2AEC28AC-5A74-495D-9AFB-7F8B12D5EB37}.Debug|x86.Build.0 = Debug|Win32
		{2AEC28AC-5A74-495D-9AFB-7F8B12D5EB37}.Release|x64.ActiveCfg = Release|x64
		{2AEC28AC-5A74-495D-9AFB-7F8B12D5EB37}.Release|x64.Build.0 = Release|x64
		{2AEC28AC-5A74-495D-9AFB-7F8B12D5EB37}.Release|x86.ActiveCfg = Release|Win32
		{2AEC28AC-5A74-495D-9AFB-7F8B12D5EB37}.Release|x86.Build.0 = Release|Win32
		{9296B197-1B91-4112-815D-57CDCE5769FA}.Debug|x64.ActiveCfg = Debug|x64
		{9296B197-1B91-4112-815D-57CDCE5769FA}.Debug|x64.Build.0 = Debug|x64
		{9296B197-1B91-4112-815D-57CDCE5769FA}.Debug|x86.ActiveCfg = Debug|Win32
		{9296B197-1B91-4112-815D-57CDCE5769FA}.Debug|x86.Build.0 = Debug|Win32
		{9296B197-1B91-4112-815D-57CDCE5769FA}.Release|x64.ActiveCfg = Release|x64
		{9296B197-1B91-4112-815D-57CDCE5769FA}.Release|x64.Build.0 = Release|x64
		{9296B197-1B91-4112-815D-57CDCE5769FA}.Release|x86.ActiveCfg = Release|Win32
		{9296B197-1B91-4112-815D-57CDCE5769FA}.Release|x86.Build.0 = Release|Win32
		{47397047-224F-452E-BEB8-FC0FE5E486AA}.Debug|x64.ActiveCfg = Debug|x64
		{47397047-224F-452E-BEB8-FC0FE5E486AA}.Debug|x64.Build.0 = Debug|x64
		{47397047-224F-452E-BEB8-FC0FE5E486AA}.Debug|x86.ActiveCfg = Debug|Win32
		{47397047-224F-452E-BEB8-FC0FE5E486AA}.Debug|x86.Build.0 = Debug|Win32
		{47397047-224F-452E-BEB8-FC0FE5E486AA}.Release|x64.ActiveCfg = Release|x64
		{47397047-224F-452E-BEB8-FC0FE5E486AA}.Release|x64.Build.0 = Release|x64
		{47397047-224F-452E-BEB8-FC0FE5E486AA}.Release|x86.ActiveCfg = Release|Win32
		{47397047-224F-452E-BEB8-FC0FE5E486AA}.Release|x86.Build.0 = Release|Win32
		{ADDA6686-7533-4FBC-8807-52730C8AA3E9}.Debug|x64.ActiveCfg = Debug|x64
		{ADDA6686-7533-4FBC-8807-52730C8AA3E9}.Debug|x64.Build.0 = Debug|x64
		{ADDA6686-7533-4FBC-8807-52730C8AA3E9}.Debug|x86.ActiveCfg = Debug|Win32
		{ADDA6686-7533-4FBC-8807-52730C8AA3E9}.Debug|x86.Build.0 = Debug|Win32
		{ADDA6686-7533-4FBC-8807-52730C8AA3E9}.Release|x64.ActiveCfg = Release|x64
		{ADDA6686-7533-4FBC-8807-52730C8AA3E9}.Release|x64.Build.0 = Release|x64
		{ADDA6686-7533-4FBC-8807-52730C8AA3E9}.Release|x86.ActiveCfg = Release|Win32
		{ADDA6686-7533-4FBC-8807-52730C8AA3E9}.Release|x86.Build.0 = Release|Win32
		{C4EA7B2F-605A-466D-9947-07BA233008E2}.Debug|x64.ActiveCfg = Debug|x64
		{C4EA7B2F-605A-466D-9947-07BA233008E2}.Debug|x64.Build.0 = Debug|x64
		{C4EA7B2F-605A-466D-9947-07BA233008E2}.Debug|x86.ActiveCfg = Debug|Win32
		{C4EA7B2F-605A-466D-9947-07BA233008E2}.Debug|x86.Build.0 = Debug|Win32
		{C4EA7B2F-605A-466D-9947-07BA233008E2}.Release|x64.ActiveCfg = Release|x64
		{C4EA7B2F-605A-466D-9947-07BA233008E2}.Release|x64.Build.0 = Release|x64
		{C4EA7B2F-605A-466D-9947-07BA233008E2}.Release|x86.ActiveCfg = Release|Win32
		{C4EA7B2F-605A-466D-9947-07BA233008E2}.Release|x86.Build.0 = Release|Win32
		{F6FC8166-FEA1-4262-9CD2-24397D3A529B}.Debug|x64.ActiveCfg = Debug|x64
		{F6FC8166-FEA1-4262-9CD2-24397D3A529B}.Debug|x64.Build.0 = Debug|x64
		{F6FC8166-FEA1-4262-9CD2-24397D3A529B}.Debug|x86.ActiveCfg = Debug|Win32
		{F6FC8166-FEA1-4262-9CD2-24397D3A529B}.Debug|x86.Build.0 = Debug|Win32
		{F6FC8166-FEA1-4262-9CD2-24397D3A529B}.Release|x64.ActiveCfg = Release|x64
		{F6FC8166-FEA1-4262-9CD2-24397D3A529B}.Release|x64.Build.0 = Release|x64
		{F6FC8166-FEA1-4262-9CD2-24397D3A529B}.Release|x86.ActiveCfg = Release|Win32
		{F6FC8166-FEA1-4262-9CD2-24397D3A529B}.Release|x86.Build.0 = Release|Win32
		{5E3EB599-8E4D-424D-AD94-5FEC87A77D12}.Debug|x64.ActiveCfg = Debug|x64
		{5E3EB599-8E4D-424D-AD94-5FEC87A77D12}.Debug|x64.Build.0 = Debug|x64
		{5E3EB599-8E4D-424D-AD94-5FEC87A77D12}.Debug|x86.ActiveCfg = Debug|Win32
		{5E3EB599-8E4D-424D-AD94-5FEC87A77D12}.Debug|x86.Build.0 = Debug|Win32
		{5E3EB599-8E4D-424D-AD94-5FEC87A77D12}.Release|x64.ActiveCfg = Release|x64
		{5E3EB599-8E4D-424D-AD94-5FEC87A77D12}.Release|x64.Build.0 = Release|x64
		{5E3EB599-8E4D-424D-AD94-5FEC87A77D12}.Release|x86.ActiveCfg = Release|Win32
		{5E3EB599-8E4D-424D-AD94-5FEC87A77D12}.Release|x86.Build.0 = Release|Win32
		{DF17B016-FAA3-4C0C-9506-69926800C6CC}.Debug|x64.ActiveCfg = Debug|x64
		{DF17B016-FAA3-4C0C-9506-69926800C6CC}.Debug|x64.Build.0 = Debug|x64
		{DF17B016-FAA3-4C0C-9506-69926800C6CC}.Debug|x86.ActiveCfg = Debug|Win32
		{DF17B016-FAA3-4C0C-9506-69926800C6CC}.Debug|x86.Build.0 = Debug|Win32
		{DF17B016-FAA3-4C0C-9506-69926800C6CC}.Release|x64.ActiveCfg = Release|x64
		{DF17B016-FAA3-4C0C-9506-69926800C6CC}.Release|x64.Build.0 = Release|x64
		{DF17B016-FAA3-4C0C-9506-69926800C6CC}.Release|x86.ActiveCfg = Release|Win32
		{DF17B016-FAA3-4C0C-9506-69926800C6CC}.Release|x86.Build.0 = Release|Win32
	EndGlobalSection
	GlobalSection(SolutionProperties) = preSolution
		HideSolutionNode = FALSE
	EndGlobalSection
	GlobalSection(NestedProjects) = preSolution
		{2AEC28AC-5A74-495D-9AFB-7F8B12D5EB37} = {633B5517-77A9-4458-98A3-6FED9BBAD058}
		{9296B197-1B91-4112-815D-57CDCE5769FA} = {E73C58C8-57F8-4DA9-8C7D-F4C9CD7D0D94}
		{47397047-224F-452E-BEB8-FC0FE5E486AA} = {4A1F3D91-BDA4-4375-A57D-78F8530262A3}
		{ADDA6686-7533-4FBC-8807-52730C8AA3E9} = {5BC32B4D-B4B4-4E70-A4C3-653396F265F9}
		{C4EA7B2F-605A-466D-9947-07BA233008E2} = {82273E05-749A-4079-8216-C0BF5B991D85}
		{F6FC8166-FEA1-4262-9CD2-24397D3A529B} = {633B5517-77A9-4458-98A3-6FED9BBAD058}
		{5E3EB599-8E4D-424D-AD94-5FEC87A77D12} = {633B5517-77A9-4458-98A3-6FED9BBAD058}
		{DF17B016-FAA3-4C0C-9506-69926800C6CC} = {633B5517-77A9-4458-98A3-6FED9BBAD058}
	EndGlobalSection
EndGlobal
