
Microsoft Visual Studio Solution File, Format Version 12.00
# Visual Studio 14
VisualStudioVersion = 14.0.23107.0
MinimumVisualStudioVersion = 10.0.40219.1
Project("{2150E333-8FDC-42A3-9474-1A3956D46DE8}") = "00_BG", "00_BG", "{E73C58C8-57F8-4DA9-8C7D-F4C9CD7D0D94}"
EndProject
Project("{2150E333-8FDC-42A3-9474-1A3956D46DE8}") = "01_C", "01_C", "{A04C4A25-D5D0-4C23-9F7E-DCD49498EFF9}"
EndProject
Project("{2150E333-8FDC-42A3-9474-1A3956D46DE8}") = "02_C++", "02_C++", "{5BC32B4D-B4B4-4E70-A4C3-653396F265F9}"
EndProject
Project("{2150E333-8FDC-42A3-9474-1A3956D46DE8}") = "03_WinAPI", "03_WinAPI", "{633B5517-77A9-4458-98A3-6FED9BBAD058}"
EndProject
Project("{8BC9CEB8-8B4A-11D0-8D11-00A0C91BC942}") = "bgTetris", "bgTetris\bgTetris.vcxproj", "{9296B197-1B91-4112-815D-57CDCE5769FA}"
EndProject
Project("{8BC9CEB8-8B4A-11D0-8D11-00A0C91BC942}") = "bgTemplate", "bgTemplate\bgTemplate.vcxproj", "{ADDA6686-7533-4FBC-8807-52730C8AA3E9}"
EndProject
Project("{8BC9CEB8-8B4A-11D0-8D11-00A0C91BC942}") = "bgCoreLib", "bgCoreLib\bgCoreLib.vcxproj", "{F6FC8166-FEA1-4262-9CD2-24397D3A529B}"
EndProject
Project("{8BC9CEB8-8B4A-11D0-8D11-00A0C91BC942}") = "bgPangPang", "bgPangPang\bgPangPang.vcxproj", "{EE6BB968-4D14-49A4-AED5-D3DB0D9641F3}"
	ProjectSection(ProjectDependencies) = postProject
		{F6FC8166-FEA1-4262-9CD2-24397D3A529B} = {F6FC8166-FEA1-4262-9CD2-24397D3A529B}
	EndProjectSection
EndProject
Project("{2150E333-8FDC-42A3-9474-1A3956D46DE8}") = "04_Net", "04_Net", "{C7A90B3B-1EE8-4DD2-952B-A972BA4C8404}"
EndProject
Project("{2150E333-8FDC-42A3-9474-1A3956D46DE8}") = "bg1", "bg1", "{BD44ABF5-0CC5-4FBC-B1C0-0A5F12EBED8B}"
EndProject
Project("{8BC9CEB8-8B4A-11D0-8D11-00A0C91BC942}") = "bgServer1", "bgServer1\bgServer1.vcxproj", "{429D4A54-7D66-4E83-B28D-EF94EBDCCFE0}"
EndProject
Project("{8BC9CEB8-8B4A-11D0-8D11-00A0C91BC942}") = "bgClient1", "bgClient1\bgClient1.vcxproj", "{DABFC934-EF1B-46DA-9A6C-CB60AF99B10A}"
EndProject
Project("{2150E333-8FDC-42A3-9474-1A3956D46DE8}") = "bgChat1", "bgChat1", "{0F9D4004-278A-4FC0-B918-557542489B79}"
EndProject
Project("{8BC9CEB8-8B4A-11D0-8D11-00A0C91BC942}") = "bgChatClient1", "bgChatClient1\bgChatClient1.vcxproj", "{C8B922F7-2AA6-4071-8E64-58B59C1EFA47}"
	ProjectSection(ProjectDependencies) = postProject
		{F6FC8166-FEA1-4262-9CD2-24397D3A529B} = {F6FC8166-FEA1-4262-9CD2-24397D3A529B}
	EndProjectSection
EndProject
Project("{8BC9CEB8-8B4A-11D0-8D11-00A0C91BC942}") = "bgChatServer1", "bgChatServer1\bgChatServer1.vcxproj", "{16A8845B-1F6A-4C95-8DE0-DA36BA461036}"
	ProjectSection(ProjectDependencies) = postProject
		{F6FC8166-FEA1-4262-9CD2-24397D3A529B} = {F6FC8166-FEA1-4262-9CD2-24397D3A529B}
	EndProjectSection
EndProject
Global
	GlobalSection(SolutionConfigurationPlatforms) = preSolution
		Debug|x64 = Debug|x64
		Debug|x86 = Debug|x86
		Release|x64 = Release|x64
		Release|x86 = Release|x86
	EndGlobalSection
	GlobalSection(ProjectConfigurationPlatforms) = postSolution
		{9296B197-1B91-4112-815D-57CDCE5769FA}.Debug|x64.ActiveCfg = Debug|x64
		{9296B197-1B91-4112-815D-57CDCE5769FA}.Debug|x64.Build.0 = Debug|x64
		{9296B197-1B91-4112-815D-57CDCE5769FA}.Debug|x86.ActiveCfg = Debug|Win32
		{9296B197-1B91-4112-815D-57CDCE5769FA}.Debug|x86.Build.0 = Debug|Win32
		{9296B197-1B91-4112-815D-57CDCE5769FA}.Release|x64.ActiveCfg = Release|x64
		{9296B197-1B91-4112-815D-57CDCE5769FA}.Release|x64.Build.0 = Release|x64
		{9296B197-1B91-4112-815D-57CDCE5769FA}.Release|x86.ActiveCfg = Release|Win32
		{9296B197-1B91-4112-815D-57CDCE5769FA}.Release|x86.Build.0 = Release|Win32
		{ADDA6686-7533-4FBC-8807-52730C8AA3E9}.Debug|x64.ActiveCfg = Debug|x64
		{ADDA6686-7533-4FBC-8807-52730C8AA3E9}.Debug|x64.Build.0 = Debug|x64
		{ADDA6686-7533-4FBC-8807-52730C8AA3E9}.Debug|x86.ActiveCfg = Debug|Win32
		{ADDA6686-7533-4FBC-8807-52730C8AA3E9}.Debug|x86.Build.0 = Debug|Win32
		{ADDA6686-7533-4FBC-8807-52730C8AA3E9}.Release|x64.ActiveCfg = Release|x64
		{ADDA6686-7533-4FBC-8807-52730C8AA3E9}.Release|x64.Build.0 = Release|x64
		{ADDA6686-7533-4FBC-8807-52730C8AA3E9}.Release|x86.ActiveCfg = Release|Win32
		{ADDA6686-7533-4FBC-8807-52730C8AA3E9}.Release|x86.Build.0 = Release|Win32
		{F6FC8166-FEA1-4262-9CD2-24397D3A529B}.Debug|x64.ActiveCfg = Debug|x64
		{F6FC8166-FEA1-4262-9CD2-24397D3A529B}.Debug|x64.Build.0 = Debug|x64
		{F6FC8166-FEA1-4262-9CD2-24397D3A529B}.Debug|x86.ActiveCfg = Debug|Win32
		{F6FC8166-FEA1-4262-9CD2-24397D3A529B}.Debug|x86.Build.0 = Debug|Win32
		{F6FC8166-FEA1-4262-9CD2-24397D3A529B}.Release|x64.ActiveCfg = Release|x64
		{F6FC8166-FEA1-4262-9CD2-24397D3A529B}.Release|x64.Build.0 = Release|x64
		{F6FC8166-FEA1-4262-9CD2-24397D3A529B}.Release|x86.ActiveCfg = Release|Win32
		{F6FC8166-FEA1-4262-9CD2-24397D3A529B}.Release|x86.Build.0 = Release|Win32
		{EE6BB968-4D14-49A4-AED5-D3DB0D9641F3}.Debug|x64.ActiveCfg = Debug|x64
		{EE6BB968-4D14-49A4-AED5-D3DB0D9641F3}.Debug|x64.Build.0 = Debug|x64
		{EE6BB968-4D14-49A4-AED5-D3DB0D9641F3}.Debug|x86.ActiveCfg = Debug|Win32
		{EE6BB968-4D14-49A4-AED5-D3DB0D9641F3}.Debug|x86.Build.0 = Debug|Win32
		{EE6BB968-4D14-49A4-AED5-D3DB0D9641F3}.Release|x64.ActiveCfg = Release|x64
		{EE6BB968-4D14-49A4-AED5-D3DB0D9641F3}.Release|x64.Build.0 = Release|x64
		{EE6BB968-4D14-49A4-AED5-D3DB0D9641F3}.Release|x86.ActiveCfg = Release|Win32
		{EE6BB968-4D14-49A4-AED5-D3DB0D9641F3}.Release|x86.Build.0 = Release|Win32
		{429D4A54-7D66-4E83-B28D-EF94EBDCCFE0}.Debug|x64.ActiveCfg = Debug|x64
		{429D4A54-7D66-4E83-B28D-EF94EBDCCFE0}.Debug|x64.Build.0 = Debug|x64
		{429D4A54-7D66-4E83-B28D-EF94EBDCCFE0}.Debug|x86.ActiveCfg = Debug|Win32
		{429D4A54-7D66-4E83-B28D-EF94EBDCCFE0}.Debug|x86.Build.0 = Debug|Win32
		{429D4A54-7D66-4E83-B28D-EF94EBDCCFE0}.Release|x64.ActiveCfg = Release|x64
		{429D4A54-7D66-4E83-B28D-EF94EBDCCFE0}.Release|x64.Build.0 = Release|x64
		{429D4A54-7D66-4E83-B28D-EF94EBDCCFE0}.Release|x86.ActiveCfg = Release|Win32
		{429D4A54-7D66-4E83-B28D-EF94EBDCCFE0}.Release|x86.Build.0 = Release|Win32
		{DABFC934-EF1B-46DA-9A6C-CB60AF99B10A}.Debug|x64.ActiveCfg = Debug|x64
		{DABFC934-EF1B-46DA-9A6C-CB60AF99B10A}.Debug|x64.Build.0 = Debug|x64
		{DABFC934-EF1B-46DA-9A6C-CB60AF99B10A}.Debug|x86.ActiveCfg = Debug|Win32
		{DABFC934-EF1B-46DA-9A6C-CB60AF99B10A}.Debug|x86.Build.0 = Debug|Win32
		{DABFC934-EF1B-46DA-9A6C-CB60AF99B10A}.Release|x64.ActiveCfg = Release|x64
		{DABFC934-EF1B-46DA-9A6C-CB60AF99B10A}.Release|x64.Build.0 = Release|x64
		{DABFC934-EF1B-46DA-9A6C-CB60AF99B10A}.Release|x86.ActiveCfg = Release|Win32
		{DABFC934-EF1B-46DA-9A6C-CB60AF99B10A}.Release|x86.Build.0 = Release|Win32
		{C8B922F7-2AA6-4071-8E64-58B59C1EFA47}.Debug|x64.ActiveCfg = Debug|x64
		{C8B922F7-2AA6-4071-8E64-58B59C1EFA47}.Debug|x64.Build.0 = Debug|x64
		{C8B922F7-2AA6-4071-8E64-58B59C1EFA47}.Debug|x86.ActiveCfg = Debug|Win32
		{C8B922F7-2AA6-4071-8E64-58B59C1EFA47}.Debug|x86.Build.0 = Debug|Win32
		{C8B922F7-2AA6-4071-8E64-58B59C1EFA47}.Release|x64.ActiveCfg = Release|x64
		{C8B922F7-2AA6-4071-8E64-58B59C1EFA47}.Release|x64.Build.0 = Release|x64
		{C8B922F7-2AA6-4071-8E64-58B59C1EFA47}.Release|x86.ActiveCfg = Release|Win32
		{C8B922F7-2AA6-4071-8E64-58B59C1EFA47}.Release|x86.Build.0 = Release|Win32
		{16A8845B-1F6A-4C95-8DE0-DA36BA461036}.Debug|x64.ActiveCfg = Debug|x64
		{16A8845B-1F6A-4C95-8DE0-DA36BA461036}.Debug|x64.Build.0 = Debug|x64
		{16A8845B-1F6A-4C95-8DE0-DA36BA461036}.Debug|x86.ActiveCfg = Debug|Win32
		{16A8845B-1F6A-4C95-8DE0-DA36BA461036}.Debug|x86.Build.0 = Debug|Win32
		{16A8845B-1F6A-4C95-8DE0-DA36BA461036}.Release|x64.ActiveCfg = Release|x64
		{16A8845B-1F6A-4C95-8DE0-DA36BA461036}.Release|x64.Build.0 = Release|x64
		{16A8845B-1F6A-4C95-8DE0-DA36BA461036}.Release|x86.ActiveCfg = Release|Win32
		{16A8845B-1F6A-4C95-8DE0-DA36BA461036}.Release|x86.Build.0 = Release|Win32
	EndGlobalSection
	GlobalSection(SolutionProperties) = preSolution
		HideSolutionNode = FALSE
	EndGlobalSection
	GlobalSection(NestedProjects) = preSolution
		{9296B197-1B91-4112-815D-57CDCE5769FA} = {E73C58C8-57F8-4DA9-8C7D-F4C9CD7D0D94}
		{ADDA6686-7533-4FBC-8807-52730C8AA3E9} = {5BC32B4D-B4B4-4E70-A4C3-653396F265F9}
		{F6FC8166-FEA1-4262-9CD2-24397D3A529B} = {E73C58C8-57F8-4DA9-8C7D-F4C9CD7D0D94}
		{EE6BB968-4D14-49A4-AED5-D3DB0D9641F3} = {E73C58C8-57F8-4DA9-8C7D-F4C9CD7D0D94}
		{BD44ABF5-0CC5-4FBC-B1C0-0A5F12EBED8B} = {C7A90B3B-1EE8-4DD2-952B-A972BA4C8404}
		{429D4A54-7D66-4E83-B28D-EF94EBDCCFE0} = {BD44ABF5-0CC5-4FBC-B1C0-0A5F12EBED8B}
		{DABFC934-EF1B-46DA-9A6C-CB60AF99B10A} = {BD44ABF5-0CC5-4FBC-B1C0-0A5F12EBED8B}
		{0F9D4004-278A-4FC0-B918-557542489B79} = {C7A90B3B-1EE8-4DD2-952B-A972BA4C8404}
		{C8B922F7-2AA6-4071-8E64-58B59C1EFA47} = {0F9D4004-278A-4FC0-B918-557542489B79}
		{16A8845B-1F6A-4C95-8DE0-DA36BA461036} = {0F9D4004-278A-4FC0-B918-557542489B79}
	EndGlobalSection
EndGlobal
