
Microsoft Visual Studio Solution File, Format Version 12.00
# Visual Studio 14
VisualStudioVersion = 14.0.23107.0
MinimumVisualStudioVersion = 10.0.40219.1
Project("{2150E333-8FDC-42A3-9474-1A3956D46DE8}") = "00_BG", "00_BG", "{E73C58C8-57F8-4DA9-8C7D-F4C9CD7D0D94}"
EndProject
Project("{2150E333-8FDC-42A3-9474-1A3956D46DE8}") = "01_C", "01_C", "{A04C4A25-D5D0-4C23-9F7E-DCD49498EFF9}"
EndProject
Project("{2150E333-8FDC-42A3-9474-1A3956D46DE8}") = "02_C++", "02_C++", "{5BC32B4D-B4B4-4E70-A4C3-653396F265F9}"
EndProject
Project("{2150E333-8FDC-42A3-9474-1A3956D46DE8}") = "03_WinAPI", "03_WinAPI", "{633B5517-77A9-4458-98A3-6FED9BBAD058}"
EndProject
Project("{8BC9CEB8-8B4A-11D0-8D11-00A0C91BC942}") = "bgTetris", "bgTetris\bgTetris.vcxproj", "{9296B197-1B91-4112-815D-57CDCE5769FA}"
EndProject
Project("{8BC9CEB8-8B4A-11D0-8D11-00A0C91BC942}") = "bgTemplate", "bgTemplate\bgTemplate.vcxproj", "{ADDA6686-7533-4FBC-8807-52730C8AA3E9}"
EndProject
Project("{8BC9CEB8-8B4A-11D0-8D11-00A0C91BC942}") = "bgCoreLib", "bgCoreLib\bgCoreLib.vcxproj", "{F6FC8166-FEA1-4262-9CD2-24397D3A529B}"
EndProject
Project("{8BC9CEB8-8B4A-11D0-8D11-00A0C91BC942}") = "bgPangPang", "bgPangPang\bgPangPang.vcxproj", "{EE6BB968-4D14-49A4-AED5-D3DB0D9641F3}"
	ProjectSection(ProjectDependencies) = postProject
		{F6FC8166-FEA1-4262-9CD2-24397D3A529B} = {F6FC8166-FEA1-4262-9CD2-24397D3A529B}
	EndProjectSection
EndProject
Project("{2150E333-8FDC-42A3-9474-1A3956D46DE8}") = "04_Net", "04_Net", "{C7A90B3B-1EE8-4DD2-952B-A972BA4C8404}"
EndProject
Project("{2150E333-8FDC-42A3-9474-1A3956D46DE8}") = "bg1", "bg1", "{BD44ABF5-0CC5-4FBC-B1C0-0A5F12EBED8B}"
EndProject
Project("{8BC9CEB8-8B4A-11D0-8D11-00A0C91BC942}") = "bgServer1", "bgServer1\bgServer1.vcxproj", "{429D4A54-7D66-4E83-B28D-EF94EBDCCFE0}"
EndProject
Project("{8BC9CEB8-8B4A-11D0-8D11-00A0C91BC942}") = "bgClient1", "bgClient1\bgClient1.vcxproj", "{DABFC934-EF1B-46DA-9A6C-CB60AF99B10A}"
EndProject
Project("{8BC9CEB8-8B4A-11D0-8D11-00A0C91BC942}") = "bgIocp", "bgIocp\bgIocp.vcxproj", "{5D6CF8A9-1FE7-4A1D-A574-879C03C3A68D}"
EndProject
Project("{8BC9CEB8-8B4A-11D0-8D11-00A0C91BC942}") = "bgBasisServer", "bgBasisServer\bgBasisServer.vcxproj", "{09B13D77-C163-41B2-A5D1-4238A3DBC56F}"
EndProject
Project("{8BC9CEB8-8B4A-11D0-8D11-00A0C91BC942}") = "bgUdpClient1", "bgUdpClient1\bgUdpClient1.vcxproj", "{8B926B93-FE19-49FC-8A70-27F99BAE6070}"
EndProject
Project("{8BC9CEB8-8B4A-11D0-8D11-00A0C91BC942}") = "bgUdpClient2", "bgUdpClient2\bgUdpClient2.vcxproj", "{4240D84C-C95B-4D5E-8E7F-5743DD00CCCB}"
EndProject
Project("{8BC9CEB8-8B4A-11D0-8D11-00A0C91BC942}") = "bgNetris", "bgNetris\bgNetris.vcxproj", "{EA432166-EEE9-4536-8E94-4A91027D7F4F}"
	ProjectSection(ProjectDependencies) = postProject
		{F6FC8166-FEA1-4262-9CD2-24397D3A529B} = {F6FC8166-FEA1-4262-9CD2-24397D3A529B}
		{09B13D77-C163-41B2-A5D1-4238A3DBC56F} = {09B13D77-C163-41B2-A5D1-4238A3DBC56F}
	EndProjectSection
EndProject
Project("{2150E333-8FDC-42A3-9474-1A3956D46DE8}") = "05_DirectX", "05_DirectX", "{897E3E29-F5E3-48B7-A526-5F1AC61FB522}"
EndProject
Project("{8BC9CEB8-8B4A-11D0-8D11-00A0C91BC942}") = "bgDX01", "bgDX01\bgDX01.vcxproj", "{CCB73511-BAC2-489F-A4D5-9CB04D27D9B4}"
	ProjectSection(ProjectDependencies) = postProject
		{F6FC8166-FEA1-4262-9CD2-24397D3A529B} = {F6FC8166-FEA1-4262-9CD2-24397D3A529B}
	EndProjectSection
EndProject
Global
	GlobalSection(SolutionConfigurationPlatforms) = preSolution
		Debug|x64 = Debug|x64
		Debug|x86 = Debug|x86
		Release|x64 = Release|x64
		Release|x86 = Release|x86
	EndGlobalSection
	GlobalSection(ProjectConfigurationPlatforms) = postSolution
		{9296B197-1B91-4112-815D-57CDCE5769FA}.Debug|x64.ActiveCfg = Debug|x64
		{9296B197-1B91-4112-815D-57CDCE5769FA}.Debug|x64.Build.0 = Debug|x64
		{9296B197-1B91-4112-815D-57CDCE5769FA}.Debug|x86.ActiveCfg = Debug|Win32
		{9296B197-1B91-4112-815D-57CDCE5769FA}.Debug|x86.Build.0 = Debug|Win32
		{9296B197-1B91-4112-815D-57CDCE5769FA}.Release|x64.ActiveCfg = Release|x64
		{9296B197-1B91-4112-815D-57CDCE5769FA}.Release|x64.Build.0 = Release|x64
		{9296B197-1B91-4112-815D-57CDCE5769FA}.Release|x86.ActiveCfg = Release|Win32
		{9296B197-1B91-4112-815D-57CDCE5769FA}.Release|x86.Build.0 = Release|Win32
		{ADDA6686-7533-4FBC-8807-52730C8AA3E9}.Debug|x64.ActiveCfg = Debug|x64
		{ADDA6686-7533-4FBC-8807-52730C8AA3E9}.Debug|x64.Build.0 = Debug|x64
		{ADDA6686-7533-4FBC-8807-52730C8AA3E9}.Debug|x86.ActiveCfg = Debug|Win32
		{ADDA6686-7533-4FBC-8807-52730C8AA3E9}.Debug|x86.Build.0 = Debug|Win32
		{ADDA6686-7533-4FBC-8807-52730C8AA3E9}.Release|x64.ActiveCfg = Release|x64
		{ADDA6686-7533-4FBC-8807-52730C8AA3E9}.Release|x64.Build.0 = Release|x64
		{ADDA6686-7533-4FBC-8807-52730C8AA3E9}.Release|x86.ActiveCfg = Release|Win32
		{ADDA6686-7533-4FBC-8807-52730C8AA3E9}.Release|x86.Build.0 = Release|Win32
		{F6FC8166-FEA1-4262-9CD2-24397D3A529B}.Debug|x64.ActiveCfg = Debug|x64
		{F6FC8166-FEA1-4262-9CD2-24397D3A529B}.Debug|x64.Build.0 = Debug|x64
		{F6FC8166-FEA1-4262-9CD2-24397D3A529B}.Debug|x86.ActiveCfg = Debug|Win32
		{F6FC8166-FEA1-4262-9CD2-24397D3A529B}.Debug|x86.Build.0 = Debug|Win32
		{F6FC8166-FEA1-4262-9CD2-24397D3A529B}.Release|x64.ActiveCfg = Release|x64
		{F6FC8166-FEA1-4262-9CD2-24397D3A529B}.Release|x64.Build.0 = Release|x64
		{F6FC8166-FEA1-4262-9CD2-24397D3A529B}.Release|x86.ActiveCfg = Release|Win32
		{F6FC8166-FEA1-4262-9CD2-24397D3A529B}.Release|x86.Build.0 = Release|Win32
		{EE6BB968-4D14-49A4-AED5-D3DB0D9641F3}.Debug|x64.ActiveCfg = Debug|x64
		{EE6BB968-4D14-49A4-AED5-D3DB0D9641F3}.Debug|x64.Build.0 = Debug|x64
		{EE6BB968-4D14-49A4-AED5-D3DB0D9641F3}.Debug|x86.ActiveCfg = Debug|Win32
		{EE6BB968-4D14-49A4-AED5-D3DB0D9641F3}.Debug|x86.Build.0 = Debug|Win32
		{EE6BB968-4D14-49A4-AED5-D3DB0D9641F3}.Release|x64.ActiveCfg = Release|x64
		{EE6BB968-4D14-49A4-AED5-D3DB0D9641F3}.Release|x64.Build.0 = Release|x64
		{EE6BB968-4D14-49A4-AED5-D3DB0D9641F3}.Release|x86.ActiveCfg = Release|Win32
		{EE6BB968-4D14-49A4-AED5-D3DB0D9641F3}.Release|x86.Build.0 = Release|Win32
		{429D4A54-7D66-4E83-B28D-EF94EBDCCFE0}.Debug|x64.ActiveCfg = Debug|x64
		{429D4A54-7D66-4E83-B28D-EF94EBDCCFE0}.Debug|x64.Build.0 = Debug|x64
		{429D4A54-7D66-4E83-B28D-EF94EBDCCFE0}.Debug|x86.ActiveCfg = Debug|Win32
		{429D4A54-7D66-4E83-B28D-EF94EBDCCFE0}.Debug|x86.Build.0 = Debug|Win32
		{429D4A54-7D66-4E83-B28D-EF94EBDCCFE0}.Release|x64.ActiveCfg = Release|x64
		{429D4A54-7D66-4E83-B28D-EF94EBDCCFE0}.Release|x64.Build.0 = Release|x64
		{429D4A54-7D66-4E83-B28D-EF94EBDCCFE0}.Release|x86.ActiveCfg = Release|Win32
		{429D4A54-7D66-4E83-B28D-EF94EBDCCFE0}.Release|x86.Build.0 = Release|Win32
		{DABFC934-EF1B-46DA-9A6C-CB60AF99B10A}.Debug|x64.ActiveCfg = Debug|x64
		{DABFC934-EF1B-46DA-9A6C-CB60AF99B10A}.Debug|x64.Build.0 = Debug|x64
		{DABFC934-EF1B-46DA-9A6C-CB60AF99B10A}.Debug|x86.ActiveCfg = Debug|Win32
		{DABFC934-EF1B-46DA-9A6C-CB60AF99B10A}.Debug|x86.Build.0 = Debug|Win32
		{DABFC934-EF1B-46DA-9A6C-CB60AF99B10A}.Release|x64.ActiveCfg = Release|x64
		{DABFC934-EF1B-46DA-9A6C-CB60AF99B10A}.Release|x64.Build.0 = Release|x64
		{DABFC934-EF1B-46DA-9A6C-CB60AF99B10A}.Release|x86.ActiveCfg = Release|Win32
		{DABFC934-EF1B-46DA-9A6C-CB60AF99B10A}.Release|x86.Build.0 = Release|Win32
		{5D6CF8A9-1FE7-4A1D-A574-879C03C3A68D}.Debug|x64.ActiveCfg = Debug|x64
		{5D6CF8A9-1FE7-4A1D-A574-879C03C3A68D}.Debug|x64.Build.0 = Debug|x64
		{5D6CF8A9-1FE7-4A1D-A574-879C03C3A68D}.Debug|x86.ActiveCfg = Debug|Win32
		{5D6CF8A9-1FE7-4A1D-A574-879C03C3A68D}.Debug|x86.Build.0 = Debug|Win32
		{5D6CF8A9-1FE7-4A1D-A574-879C03C3A68D}.Release|x64.ActiveCfg = Release|x64
		{5D6CF8A9-1FE7-4A1D-A574-879C03C3A68D}.Release|x64.Build.0 = Release|x64
		{5D6CF8A9-1FE7-4A1D-A574-879C03C3A68D}.Release|x86.ActiveCfg = Release|Win32
		{5D6CF8A9-1FE7-4A1D-A574-879C03C3A68D}.Release|x86.Build.0 = Release|Win32
		{09B13D77-C163-41B2-A5D1-4238A3DBC56F}.Debug|x64.ActiveCfg = Debug|x64
		{09B13D77-C163-41B2-A5D1-4238A3DBC56F}.Debug|x64.Build.0 = Debug|x64
		{09B13D77-C163-41B2-A5D1-4238A3DBC56F}.Debug|x86.ActiveCfg = Debug|Win32
		{09B13D77-C163-41B2-A5D1-4238A3DBC56F}.Debug|x86.Build.0 = Debug|Win32
		{09B13D77-C163-41B2-A5D1-4238A3DBC56F}.Release|x64.ActiveCfg = Release|x64
		{09B13D77-C163-41B2-A5D1-4238A3DBC56F}.Release|x64.Build.0 = Release|x64
		{09B13D77-C163-41B2-A5D1-4238A3DBC56F}.Release|x86.ActiveCfg = Release|Win32
		{09B13D77-C163-41B2-A5D1-4238A3DBC56F}.Release|x86.Build.0 = Release|Win32
		{8B926B93-FE19-49FC-8A70-27F99BAE6070}.Debug|x64.ActiveCfg = Debug|x64
		{8B926B93-FE19-49FC-8A70-27F99BAE6070}.Debug|x64.Build.0 = Debug|x64
		{8B926B93-FE19-49FC-8A70-27F99BAE6070}.Debug|x86.ActiveCfg = Debug|Win32
		{8B926B93-FE19-49FC-8A70-27F99BAE6070}.Debug|x86.Build.0 = Debug|Win32
		{8B926B93-FE19-49FC-8A70-27F99BAE6070}.Release|x64.ActiveCfg = Release|x64
		{8B926B93-FE19-49FC-8A70-27F99BAE6070}.Release|x64.Build.0 = Release|x64
		{8B926B93-FE19-49FC-8A70-27F99BAE6070}.Release|x86.ActiveCfg = Release|Win32
		{8B926B93-FE19-49FC-8A70-27F99BAE6070}.Release|x86.Build.0 = Release|Win32
		{4240D84C-C95B-4D5E-8E7F-5743DD00CCCB}.Debug|x64.ActiveCfg = Debug|x64
		{4240D84C-C95B-4D5E-8E7F-5743DD00CCCB}.Debug|x64.Build.0 = Debug|x64
		{4240D84C-C95B-4D5E-8E7F-5743DD00CCCB}.Debug|x86.ActiveCfg = Debug|Win32
		{4240D84C-C95B-4D5E-8E7F-5743DD00CCCB}.Debug|x86.Build.0 = Debug|Win32
		{4240D84C-C95B-4D5E-8E7F-5743DD00CCCB}.Release|x64.ActiveCfg = Release|x64
		{4240D84C-C95B-4D5E-8E7F-5743DD00CCCB}.Release|x64.Build.0 = Release|x64
		{4240D84C-C95B-4D5E-8E7F-5743DD00CCCB}.Release|x86.ActiveCfg = Release|Win32
		{4240D84C-C95B-4D5E-8E7F-5743DD00CCCB}.Release|x86.Build.0 = Release|Win32
		{EA432166-EEE9-4536-8E94-4A91027D7F4F}.Debug|x64.ActiveCfg = Debug|x64
		{EA432166-EEE9-4536-8E94-4A91027D7F4F}.Debug|x64.Build.0 = Debug|x64
		{EA432166-EEE9-4536-8E94-4A91027D7F4F}.Debug|x86.ActiveCfg = Debug|Win32
		{EA432166-EEE9-4536-8E94-4A91027D7F4F}.Debug|x86.Build.0 = Debug|Win32
		{EA432166-EEE9-4536-8E94-4A91027D7F4F}.Release|x64.ActiveCfg = Release|x64
		{EA432166-EEE9-4536-8E94-4A91027D7F4F}.Release|x64.Build.0 = Release|x64
		{EA432166-EEE9-4536-8E94-4A91027D7F4F}.Release|x86.ActiveCfg = Release|Win32
		{EA432166-EEE9-4536-8E94-4A91027D7F4F}.Release|x86.Build.0 = Release|Win32
		{CCB73511-BAC2-489F-A4D5-9CB04D27D9B4}.Debug|x64.ActiveCfg = Debug|x64
		{CCB73511-BAC2-489F-A4D5-9CB04D27D9B4}.Debug|x64.Build.0 = Debug|x64
		{CCB73511-BAC2-489F-A4D5-9CB04D27D9B4}.Debug|x86.ActiveCfg = Debug|Win32
		{CCB73511-BAC2-489F-A4D5-9CB04D27D9B4}.Debug|x86.Build.0 = Debug|Win32
		{CCB73511-BAC2-489F-A4D5-9CB04D27D9B4}.Release|x64.ActiveCfg = Release|x64
		{CCB73511-BAC2-489F-A4D5-9CB04D27D9B4}.Release|x64.Build.0 = Release|x64
		{CCB73511-BAC2-489F-A4D5-9CB04D27D9B4}.Release|x86.ActiveCfg = Release|Win32
		{CCB73511-BAC2-489F-A4D5-9CB04D27D9B4}.Release|x86.Build.0 = Release|Win32
	EndGlobalSection
	GlobalSection(SolutionProperties) = preSolution
		HideSolutionNode = FALSE
	EndGlobalSection
	GlobalSection(NestedProjects) = preSolution
		{9296B197-1B91-4112-815D-57CDCE5769FA} = {E73C58C8-57F8-4DA9-8C7D-F4C9CD7D0D94}
		{ADDA6686-7533-4FBC-8807-52730C8AA3E9} = {5BC32B4D-B4B4-4E70-A4C3-653396F265F9}
		{F6FC8166-FEA1-4262-9CD2-24397D3A529B} = {E73C58C8-57F8-4DA9-8C7D-F4C9CD7D0D94}
		{EE6BB968-4D14-49A4-AED5-D3DB0D9641F3} = {E73C58C8-57F8-4DA9-8C7D-F4C9CD7D0D94}
		{BD44ABF5-0CC5-4FBC-B1C0-0A5F12EBED8B} = {C7A90B3B-1EE8-4DD2-952B-A972BA4C8404}
		{429D4A54-7D66-4E83-B28D-EF94EBDCCFE0} = {BD44ABF5-0CC5-4FBC-B1C0-0A5F12EBED8B}
		{DABFC934-EF1B-46DA-9A6C-CB60AF99B10A} = {BD44ABF5-0CC5-4FBC-B1C0-0A5F12EBED8B}
		{5D6CF8A9-1FE7-4A1D-A574-879C03C3A68D} = {C7A90B3B-1EE8-4DD2-952B-A972BA4C8404}
		{09B13D77-C163-41B2-A5D1-4238A3DBC56F} = {E73C58C8-57F8-4DA9-8C7D-F4C9CD7D0D94}
		{8B926B93-FE19-49FC-8A70-27F99BAE6070} = {C7A90B3B-1EE8-4DD2-952B-A972BA4C8404}
		{4240D84C-C95B-4D5E-8E7F-5743DD00CCCB} = {C7A90B3B-1EE8-4DD2-952B-A972BA4C8404}
		{EA432166-EEE9-4536-8E94-4A91027D7F4F} = {E73C58C8-57F8-4DA9-8C7D-F4C9CD7D0D94}
		{CCB73511-BAC2-489F-A4D5-9CB04D27D9B4} = {897E3E29-F5E3-48B7-A526-5F1AC61FB522}
	EndGlobalSection
EndGlobal
